{
    "_readme": [
        "This file locks the dependencies of your project to a known state",
        "Read more about it at https://getcomposer.org/doc/01-basic-usage.md#composer-lock-the-lock-file",
        "This file is @generated automatically"
    ],
    "content-hash": "8344870f1d246cabf761986482551523",
    "packages": [
        {
            "name": "ostraining/embera",
            "version": "1.9.3",
            "source": {
                "type": "git",
                "url": "https://github.com/OSTraining/Embera",
                "reference": "51d4c22303680b4434c3c0d3a34694c0ebbca1a1"
            },
            "require": {
                "php": ">=5.3"
            },
            "type": "library",
            "autoload": {
                "psr-0": {
                    "Embera": "Lib/"
                }
            },
            "license": [
                "MIT"
            ],
            "authors": [
                {
                    "name": "Michael Pratt",
                    "email": "pratt@hablarmierda.net",
                    "homepage": "http://www.michael-pratt.com",
                    "role": "Author/Developer"
                }
            ],
            "description": "Oembed consumer library, that gives information about urls. It helps you replace urls to 60+ sites like youtube or vimeo, with their html embed code.",
            "homepage": "https://github.com/OSTraining/Embera",
            "keywords": [
                "Auto embed",
                "Embed",
                "Embed Text",
                "Instagram",
                "Oembed",
                "Twitter",
                "Url Embed",
                "Vimeo",
                "Vine",
                "Youtube"
            ],
            "time": "2016-07-12T20:35:30+00:00"
        },
        {
            "name": "pimple/pimple",
            "version": "v3.2.3",
            "source": {
                "type": "git",
                "url": "https://github.com/silexphp/Pimple.git",
                "reference": "9e403941ef9d65d20cba7d54e29fe906db42cf32"
            },
            "dist": {
                "type": "zip",
                "url": "https://api.github.com/repos/silexphp/Pimple/zipball/9e403941ef9d65d20cba7d54e29fe906db42cf32",
                "reference": "9e403941ef9d65d20cba7d54e29fe906db42cf32",
                "shasum": ""
            },
            "require": {
                "php": ">=5.3.0",
                "psr/container": "^1.0"
            },
            "require-dev": {
                "symfony/phpunit-bridge": "^3.2"
            },
            "type": "library",
            "extra": {
                "branch-alias": {
                    "dev-master": "3.2.x-dev"
                }
            },
            "autoload": {
                "psr-0": {
                    "Pimple": "src/"
                }
            },
            "notification-url": "https://packagist.org/downloads/",
            "license": [
                "MIT"
            ],
            "authors": [
                {
                    "name": "Fabien Potencier",
                    "email": "fabien@symfony.com"
                }
            ],
            "description": "Pimple, a simple Dependency Injection Container",
            "homepage": "http://pimple.sensiolabs.org",
            "keywords": [
                "container",
                "dependency injection"
            ],
            "time": "2018-01-21T07:42:36+00:00"
        },
        {
            "name": "psr/container",
            "version": "1.0.0",
            "source": {
                "type": "git",
                "url": "https://github.com/php-fig/container.git",
                "reference": "b7ce3b176482dbbc1245ebf52b181af44c2cf55f"
            },
            "dist": {
                "type": "zip",
                "url": "https://api.github.com/repos/php-fig/container/zipball/b7ce3b176482dbbc1245ebf52b181af44c2cf55f",
                "reference": "b7ce3b176482dbbc1245ebf52b181af44c2cf55f",
                "shasum": ""
            },
            "require": {
                "php": ">=5.3.0"
            },
            "type": "library",
            "extra": {
                "branch-alias": {
                    "dev-master": "1.0.x-dev"
                }
            },
            "autoload": {
                "psr-4": {
                    "Psr\\Container\\": "src/"
                }
            },
            "notification-url": "https://packagist.org/downloads/",
            "license": [
                "MIT"
            ],
            "authors": [
                {
                    "name": "PHP-FIG",
                    "homepage": "http://www.php-fig.org/"
                }
            ],
            "description": "Common Container Interface (PHP FIG PSR-11)",
            "homepage": "https://github.com/php-fig/container",
            "keywords": [
                "PSR-11",
                "container",
                "container-interface",
                "container-interop",
                "psr"
            ],
            "time": "2017-02-14T16:28:37+00:00"
        },
        {
            "name": "publishpress/edd-license-handler",
            "version": "1.6.14.4",
            "source": {
                "type": "git",
                "url": "https://github.com/OSTraining/EDD-License-handler",
                "reference": "30dc3bb2bff29668d17406a996fa2c022d55f613"
            },
            "type": "library",
            "autoload": {
                "files": [
                    "EDD_License_Handler.php",
                    "EDD_SL_Plugin_Updater.php"
                ]
            },
            "license": [
                "GPL-2"
            ],
            "authors": [
                {
                    "name": "EasyDigitalDownloads",
                    "email": "contact@easydigitaldownloads.com"
                },
                {
                    "name": "PublishPress",
                    "email": "help@publishpress.com"
                }
            ],
            "time": "2018-05-18T17:13:59+00:00"
        },
        {
            "name": "publishpress/wordpress-edd-license-integration",
            "version": "2.2.2",
            "source": {
                "type": "git",
                "url": "https://github.com/OSTraining/WordPress-EDD-License-Integration",
                "reference": "2bb4a405b8fed0c8b3728dce284b62e9b8013a96"
            },
            "require": {
                "pimple/pimple": "~3.2",
                "publishpress/edd-license-handler": "~1.6"
            },
            "type": "library",
            "autoload": {
                "psr-4": {
                    "PublishPress\\EDD_License\\Core\\": "src/core/"
                }
            },
            "license": [
                "GPL-2"
            ],
            "authors": [
                {
                    "name": "PublishPress",
                    "email": "help@publishpress.com"
                }
            ],
            "time": "2018-05-18T17:11:02+00:00"
        },
        {
            "name": "publishpress/wordpress-plugin-builder",
            "version": "2.1.6",
            "source": {
                "type": "git",
                "url": "https://github.com/OSTraining/WordPress-Plugin-Builder",
                "reference": "92d16a9b3f48898e09ccf9f89cf0e1e9467c8a63"
            },
            "type": "library",
            "autoload": {
                "psr-4": {
                    "PublishPress\\Builder\\": "src/"
                }
            },
            "license": [
                "GPL-2.0+"
            ],
            "authors": [
                {
                    "name": "PublishPress",
                    "email": "help@publishpress.com",
                    "homepage": "https://publishpress.com"
                }
            ],
            "description": "Base class for WordPress plugin builder",
            "time": "2018-05-17T22:26:21+00:00"
        }
    ],
    "packages-dev": [],
    "aliases": [],
    "minimum-stability": "stable",
    "stability-flags": [],
    "prefer-stable": false,
    "prefer-lowest": false,
    "platform": [],
    "platform-dev": []
}
