{
    "_readme": [
        "This file locks the dependencies of your project to a known state",
        "Read more about it at https://getcomposer.org/doc/01-basic-usage.md#installing-dependencies",
        "This file is @generated automatically"
    ],
    "content-hash": "0aa90446353e3f8bd7ed366e8c23616a",
    "packages": [
        {
            "name": "ostraining/embera",
            "version": "1.9.3",
            "source": {
                "type": "git",
                "url": "https://github.com/OSTraining/Embera",
                "reference": "51d4c22303680b4434c3c0d3a34694c0ebbca1a1"
            },
            "require": {
                "php": ">=5.3"
            },
            "type": "library",
            "autoload": {
                "psr-0": {
                    "Embera": "Lib/"
                }
            },
            "license": [
                "MIT"
            ],
            "authors": [
                {
                    "name": "Michael Pratt",
                    "email": "pratt@hablarmierda.net",
                    "homepage": "http://www.michael-pratt.com",
                    "role": "Author/Developer"
                }
            ],
            "description": "Oembed consumer library, that gives information about urls. It helps you replace urls to 60+ sites like youtube or vimeo, with their html embed code.",
            "homepage": "https://github.com/OSTraining/Embera",
            "keywords": [
                "Auto embed",
                "Embed",
                "Embed Text",
                "Instagram",
                "Oembed",
                "Twitter",
                "Url Embed",
                "Vimeo",
                "Vine",
                "Youtube"
            ],
            "time": "2016-07-12T20:35:30+00:00"
        }
    ],
    "packages-dev": [],
    "aliases": [],
    "minimum-stability": "stable",
    "stability-flags": [],
    "prefer-stable": false,
    "prefer-lowest": false,
    "platform": [],
    "platform-dev": []
}
