{
    "_readme": [
        "This file locks the dependencies of your project to a known state",
        "Read more about it at https://getcomposer.org/doc/01-basic-usage.md#installing-dependencies",
        "This file is @generated automatically"
    ],
    "content-hash": "567fe20f51b4da52690d0f898fde21dc",
    "packages": [
        {
            "name": "wpdevelopers/embera",
            "version": "2.0.17",
            "source": {
                "type": "git",
                "url": "https://github.com/WPDevelopers/Embera",
                "reference": "5f521fbe77fdfc992dc399ee39e5fdb338ea1f04"
            },
            "require": {
                "ext-json": "*",
                "php": ">=5.6"
            },
            "require-dev": {
                "phpunit/phpunit": "^8.3"
            },
            "suggest": {
                "ext-curl": "Allow to fetch data using curl instead of using file_get_contents"
            },
            "type": "library",
            "autoload": {
                "psr-4": {
                    "Embera\\": "src/Embera"
                }
            },
            "autoload-dev": {
                "psr-4": {
                    "Embera\\": "tests/Embera"
                }
            },
            "scripts": {
                "test": [
                    "phpunit"
                ]
            },
            "license": [
                "MIT"
            ],
            "authors": [
                {
                    "name": "Michael Pratt",
                    "email": "yo@michael-pratt.com",
                    "homepage": "http://www.michael-pratt.com",
                    "role": "Author/Developer"
                }
            ],
            "description": "Oembed consumer library. Converts urls into their html embed code. Supports 150+ sites, such as YouTube, Twitter, vimeo, Instagram etc.",
            "homepage": "https://github.com/WPDevelopers/Embera",
            "keywords": [
                "Auto embed",
                "Embed",
                "Embed Text",
                "Instagram",
                "Oembed",
                "Responsive Embeds",
                "Twitter",
                "Url Embed",
                "Vimeo",
                "Vine",
                "Youtube"
            ],
            "time": "2021-01-28T07:14:10+00:00"
        }
    ],
    "packages-dev": [],
    "aliases": [],
    "minimum-stability": "stable",
    "stability-flags": [],
    "prefer-stable": false,
    "prefer-lowest": false,
    "platform": [],
    "platform-dev": [],
    "plugin-api-version": "2.0.0"
}
